
Microsoft Visual Studio Solution File, Format Version 12.00
# Visual Studio 15
VisualStudioVersion = 15.0.28307.271
MinimumVisualStudioVersion = 10.0.40219.1
Project("{FAE04EC0-301F-11D3-BF4B-00C04F79EFBC}") = "HelloWorld", "HelloWorld\HelloWorld.csproj", "{D58344AD-8693-4B2F-9D33-15BD757704EB}"
EndProject
Global
	GlobalSection(SolutionConfigurationPlatforms) = preSolution
		Debug|Any CPU = Debug|Any CPU
		Release|Any CPU = Release|Any CPU
	EndGlobalSection
	GlobalSection(ProjectConfigurationPlatforms) = postSolution
		{D58344AD-8693-4B2F-9D33-15BD757704EB}.Debug|Any CPU.ActiveCfg = Debug|Any CPU
		{D58344AD-8693-4B2F-9D33-15BD757704EB}.Debug|Any CPU.Build.0 = Debug|Any CPU
		{D58344AD-8693-4B2F-9D33-15BD757704EB}.Release|Any CPU.ActiveCfg = Release|Any CPU
		{D58344AD-8693-4B2F-9D33-15BD757704EB}.Release|Any CPU.Build.0 = Release|Any CPU
	EndGlobalSection
	GlobalSection(SolutionProperties) = preSolution
		HideSolutionNode = FALSE
	EndGlobalSection
	GlobalSection(ExtensibilityGlobals) = postSolution
		SolutionGuid = {45930D65-4C57-49CF-837B-4466C7CBD278}
	EndGlobalSection
EndGlobal
